
Microsoft Visual Studio Solution File, Format Version 12.00
# Visual Studio Version 17
VisualStudioVersion = 17.7.34024.191
MinimumVisualStudioVersion = 10.0.40219.1
Project("{9A19103F-16F7-4668-BE54-9A1E7A4F7556}") = "Ocluse.LiquidSnow.Core", "src\Core\Ocluse.LiquidSnow.Core.csproj", "{4E0DADAA-D35F-449A-AF17-89C33A49332D}"
EndProject
Project("{9A19103F-16F7-4668-BE54-9A1E7A4F7556}") = "Ocluse.LiquidSnow.Cryptography", "src\Cryptography\Core\Ocluse.LiquidSnow.Cryptography.csproj", "{2450CE03-2C28-4A63-AF49-DBB5F9C2EBF6}"
EndProject
Project("{9A19103F-16F7-4668-BE54-9A1E7A4F7556}") = "Ocluse.LiquidSnow.Cryptography.Classical", "src\Cryptography\Classical\Ocluse.LiquidSnow.Cryptography.Classical.csproj", "{5866831B-FF53-428C-8D54-B85CE5838770}"
EndProject
Project("{9A19103F-16F7-4668-BE54-9A1E7A4F7556}") = "Ocluse.LiquidSnow.Cryptography.IO", "src\Cryptography\IO\Ocluse.LiquidSnow.Cryptography.IO.csproj", "{20F3642A-133E-41D2-A7CC-58C0D4A47B31}"
EndProject
Project("{9A19103F-16F7-4668-BE54-9A1E7A4F7556}") = "Ocluse.LiquidSnow.Steganography", "src\Steganography\Ocluse.LiquidSnow.Steganography.csproj", "{DE2C264E-B721-4930-9133-099B3EF350B7}"
EndProject
Project("{9A19103F-16F7-4668-BE54-9A1E7A4F7556}") = "Ocluse.LiquidSnow.Venus", "src\Venus\Core\Ocluse.LiquidSnow.Venus.csproj", "{1B382F60-FFBC-4D5D-96D4-CD7DB844EA8C}"
EndProject
Project("{9A19103F-16F7-4668-BE54-9A1E7A4F7556}") = "Ocluse.LiquidSnow.Venus.Icons.Brands", "src\Venus\Icons\Brands\Ocluse.LiquidSnow.Venus.Icons.Brands.csproj", "{AB7B3F72-A090-43DF-A07C-2AE627E69E67}"
EndProject
Project("{9A19103F-16F7-4668-BE54-9A1E7A4F7556}") = "Ocluse.LiquidSnow.Venus.Icons.Feather", "src\Venus\Icons\Feather\Ocluse.LiquidSnow.Venus.Icons.Feather.csproj", "{749A58DF-7BD9-4B3F-BA47-75DCC8BAAC67}"
EndProject
Project("{9A19103F-16F7-4668-BE54-9A1E7A4F7556}") = "Ocluse.LiquidSnow.Venus.Icons.Lucide", "src\Venus\Icons\Lucide\Ocluse.LiquidSnow.Venus.Icons.Lucide.csproj", "{2303947A-B0D3-4781-B62F-8BBD64201478}"
EndProject
Project("{2150E333-8FDC-42A3-9474-1A3956D46DE8}") = "Venus", "Venus", "{A1EC4AD0-7791-423C-AA6D-478E9F78FD70}"
EndProject
Project("{2150E333-8FDC-42A3-9474-1A3956D46DE8}") = "Cryptography", "Cryptography", "{2EB88D5B-1F07-4B8F-918E-D9929C426B43}"
EndProject
Project("{2150E333-8FDC-42A3-9474-1A3956D46DE8}") = "Icons", "Icons", "{E3AFDD7F-ED7A-422B-BA1B-C4018D844310}"
EndProject
Project("{2150E333-8FDC-42A3-9474-1A3956D46DE8}") = "Steganography", "Steganography", "{839AD3C7-C8D6-472A-A205-57E977F611CD}"
EndProject
Project("{2150E333-8FDC-42A3-9474-1A3956D46DE8}") = "Http", "Http", "{59CBA1E5-B8EA-43AD-98D5-50972BEC2D59}"
EndProject
Project("{9A19103F-16F7-4668-BE54-9A1E7A4F7556}") = "Ocluse.LiquidSnow.Http.Client", "src\Http\Client\Ocluse.LiquidSnow.Http.Client.csproj", "{0258B06A-53D6-4632-9D29-CA68B890111E}"
EndProject
Project("{9A19103F-16F7-4668-BE54-9A1E7A4F7556}") = "Ocluse.LiquidSnow.Http.Core", "src\Http\Core\Ocluse.LiquidSnow.Http.Core.csproj", "{F08E6C5D-D69B-497A-B09A-3024E5B7AA8F}"
EndProject
Project("{9A19103F-16F7-4668-BE54-9A1E7A4F7556}") = "Ocluse.LiquidSnow.Venus.Icons.Fluent", "src\Venus\Icons\Fluent\Ocluse.LiquidSnow.Venus.Icons.Fluent.csproj", "{6B181041-453C-468B-A222-88B842AE5CD8}"
EndProject
Project("{2150E333-8FDC-42A3-9474-1A3956D46DE8}") = "Solution Items", "Solution Items", "{B77658B0-8DC1-41C5-9DEF-0FB5D44FA070}"
	ProjectSection(SolutionItems) = preProject
		.editorconfig = .editorconfig
		Directory.Build.props = Directory.Build.props
		.github\workflows\main.yml = .github\workflows\main.yml
	EndProjectSection
EndProject
Project("{9A19103F-16F7-4668-BE54-9A1E7A4F7556}") = "Ocluse.LiquidSnow.Core.Tests", "test\Core\Ocluse.LiquidSnow.Core.Tests.csproj", "{402C01CE-23E8-4448-ABBC-5B2AB31C7EDE}"
EndProject
Project("{2150E333-8FDC-42A3-9474-1A3956D46DE8}") = "_Tests", "_Tests", "{0ED613C3-6C87-4DDA-AD70-3A10DC438FD8}"
EndProject
Project("{2150E333-8FDC-42A3-9474-1A3956D46DE8}") = "_Samples", "_Samples", "{5D5ECA57-D7B5-4FAD-9CC5-77048C91A6A6}"
EndProject
Project("{FAE04EC0-301F-11D3-BF4B-00C04F79EFBC}") = "VenusWasm", "samples\VenusWasm\VenusWasm.csproj", "{9D9A166F-EFC8-4E0C-AF1B-6A2C98BD9DE9}"
EndProject
Project("{FAE04EC0-301F-11D3-BF4B-00C04F79EFBC}") = "Ocluse.LiquidSnow.Venus.Icons.Myna", "src\Venus\Icons\Myna\Ocluse.LiquidSnow.Venus.Icons.Myna.csproj", "{31675630-BA33-4577-B2A5-AEA14A46B127}"
EndProject
Project("{FAE04EC0-301F-11D3-BF4B-00C04F79EFBC}") = "Ocluse.LiquidSnow.Scraping", "src\Scraping\Ocluse.LiquidSnow.Scraping.csproj", "{C58D516E-F035-4D53-9322-332ADC7EDF10}"
EndProject
Project("{2150E333-8FDC-42A3-9474-1A3956D46DE8}") = "Scraping", "Scraping", "{02EA681E-C7D8-13C7-8484-4AC65E1B71E8}"
EndProject
Project("{FAE04EC0-301F-11D3-BF4B-00C04F79EFBC}") = "Ocluse.LiquidSnow.Venus.Kit.Core", "src\Venus\Kit\Core\Ocluse.LiquidSnow.Venus.Kit.Core.csproj", "{61B0B6E4-7102-4F01-8106-E9A28A0FAC5B}"
EndProject
Project("{2150E333-8FDC-42A3-9474-1A3956D46DE8}") = "Kit", "Kit", "{F5EBF91F-5F4A-4E4A-8EC7-5D597B3C33E0}"
EndProject
Global
	GlobalSection(SolutionConfigurationPlatforms) = preSolution
		Debug|Any CPU = Debug|Any CPU
		Release|Any CPU = Release|Any CPU
	EndGlobalSection
	GlobalSection(ProjectConfigurationPlatforms) = postSolution
		{4E0DADAA-D35F-449A-AF17-89C33A49332D}.Debug|Any CPU.ActiveCfg = Debug|Any CPU
		{4E0DADAA-D35F-449A-AF17-89C33A49332D}.Debug|Any CPU.Build.0 = Debug|Any CPU
		{4E0DADAA-D35F-449A-AF17-89C33A49332D}.Release|Any CPU.ActiveCfg = Release|Any CPU
		{4E0DADAA-D35F-449A-AF17-89C33A49332D}.Release|Any CPU.Build.0 = Release|Any CPU
		{2450CE03-2C28-4A63-AF49-DBB5F9C2EBF6}.Debug|Any CPU.ActiveCfg = Debug|Any CPU
		{2450CE03-2C28-4A63-AF49-DBB5F9C2EBF6}.Debug|Any CPU.Build.0 = Debug|Any CPU
		{2450CE03-2C28-4A63-AF49-DBB5F9C2EBF6}.Release|Any CPU.ActiveCfg = Release|Any CPU
		{2450CE03-2C28-4A63-AF49-DBB5F9C2EBF6}.Release|Any CPU.Build.0 = Release|Any CPU
		{5866831B-FF53-428C-8D54-B85CE5838770}.Debug|Any CPU.ActiveCfg = Debug|Any CPU
		{5866831B-FF53-428C-8D54-B85CE5838770}.Debug|Any CPU.Build.0 = Debug|Any CPU
		{5866831B-FF53-428C-8D54-B85CE5838770}.Release|Any CPU.ActiveCfg = Release|Any CPU
		{5866831B-FF53-428C-8D54-B85CE5838770}.Release|Any CPU.Build.0 = Release|Any CPU
		{20F3642A-133E-41D2-A7CC-58C0D4A47B31}.Debug|Any CPU.ActiveCfg = Debug|Any CPU
		{20F3642A-133E-41D2-A7CC-58C0D4A47B31}.Debug|Any CPU.Build.0 = Debug|Any CPU
		{20F3642A-133E-41D2-A7CC-58C0D4A47B31}.Release|Any CPU.ActiveCfg = Release|Any CPU
		{20F3642A-133E-41D2-A7CC-58C0D4A47B31}.Release|Any CPU.Build.0 = Release|Any CPU
		{DE2C264E-B721-4930-9133-099B3EF350B7}.Debug|Any CPU.ActiveCfg = Debug|Any CPU
		{DE2C264E-B721-4930-9133-099B3EF350B7}.Debug|Any CPU.Build.0 = Debug|Any CPU
		{DE2C264E-B721-4930-9133-099B3EF350B7}.Release|Any CPU.ActiveCfg = Release|Any CPU
		{DE2C264E-B721-4930-9133-099B3EF350B7}.Release|Any CPU.Build.0 = Release|Any CPU
		{1B382F60-FFBC-4D5D-96D4-CD7DB844EA8C}.Debug|Any CPU.ActiveCfg = Debug|Any CPU
		{1B382F60-FFBC-4D5D-96D4-CD7DB844EA8C}.Debug|Any CPU.Build.0 = Debug|Any CPU
		{1B382F60-FFBC-4D5D-96D4-CD7DB844EA8C}.Release|Any CPU.ActiveCfg = Release|Any CPU
		{1B382F60-FFBC-4D5D-96D4-CD7DB844EA8C}.Release|Any CPU.Build.0 = Release|Any CPU
		{AB7B3F72-A090-43DF-A07C-2AE627E69E67}.Debug|Any CPU.ActiveCfg = Debug|Any CPU
		{AB7B3F72-A090-43DF-A07C-2AE627E69E67}.Debug|Any CPU.Build.0 = Debug|Any CPU
		{AB7B3F72-A090-43DF-A07C-2AE627E69E67}.Release|Any CPU.ActiveCfg = Release|Any CPU
		{AB7B3F72-A090-43DF-A07C-2AE627E69E67}.Release|Any CPU.Build.0 = Release|Any CPU
		{749A58DF-7BD9-4B3F-BA47-75DCC8BAAC67}.Debug|Any CPU.ActiveCfg = Debug|Any CPU
		{749A58DF-7BD9-4B3F-BA47-75DCC8BAAC67}.Debug|Any CPU.Build.0 = Debug|Any CPU
		{749A58DF-7BD9-4B3F-BA47-75DCC8BAAC67}.Release|Any CPU.ActiveCfg = Release|Any CPU
		{749A58DF-7BD9-4B3F-BA47-75DCC8BAAC67}.Release|Any CPU.Build.0 = Release|Any CPU
		{2303947A-B0D3-4781-B62F-8BBD64201478}.Debug|Any CPU.ActiveCfg = Debug|Any CPU
		{2303947A-B0D3-4781-B62F-8BBD64201478}.Debug|Any CPU.Build.0 = Debug|Any CPU
		{2303947A-B0D3-4781-B62F-8BBD64201478}.Release|Any CPU.ActiveCfg = Release|Any CPU
		{2303947A-B0D3-4781-B62F-8BBD64201478}.Release|Any CPU.Build.0 = Release|Any CPU
		{0258B06A-53D6-4632-9D29-CA68B890111E}.Debug|Any CPU.ActiveCfg = Debug|Any CPU
		{0258B06A-53D6-4632-9D29-CA68B890111E}.Debug|Any CPU.Build.0 = Debug|Any CPU
		{0258B06A-53D6-4632-9D29-CA68B890111E}.Release|Any CPU.ActiveCfg = Release|Any CPU
		{0258B06A-53D6-4632-9D29-CA68B890111E}.Release|Any CPU.Build.0 = Release|Any CPU
		{F08E6C5D-D69B-497A-B09A-3024E5B7AA8F}.Debug|Any CPU.ActiveCfg = Debug|Any CPU
		{F08E6C5D-D69B-497A-B09A-3024E5B7AA8F}.Debug|Any CPU.Build.0 = Debug|Any CPU
		{F08E6C5D-D69B-497A-B09A-3024E5B7AA8F}.Release|Any CPU.ActiveCfg = Release|Any CPU
		{F08E6C5D-D69B-497A-B09A-3024E5B7AA8F}.Release|Any CPU.Build.0 = Release|Any CPU
		{6B181041-453C-468B-A222-88B842AE5CD8}.Debug|Any CPU.ActiveCfg = Debug|Any CPU
		{6B181041-453C-468B-A222-88B842AE5CD8}.Debug|Any CPU.Build.0 = Debug|Any CPU
		{6B181041-453C-468B-A222-88B842AE5CD8}.Release|Any CPU.ActiveCfg = Release|Any CPU
		{6B181041-453C-468B-A222-88B842AE5CD8}.Release|Any CPU.Build.0 = Release|Any CPU
		{402C01CE-23E8-4448-ABBC-5B2AB31C7EDE}.Debug|Any CPU.ActiveCfg = Debug|Any CPU
		{402C01CE-23E8-4448-ABBC-5B2AB31C7EDE}.Debug|Any CPU.Build.0 = Debug|Any CPU
		{402C01CE-23E8-4448-ABBC-5B2AB31C7EDE}.Release|Any CPU.ActiveCfg = Release|Any CPU
		{402C01CE-23E8-4448-ABBC-5B2AB31C7EDE}.Release|Any CPU.Build.0 = Release|Any CPU
		{9D9A166F-EFC8-4E0C-AF1B-6A2C98BD9DE9}.Debug|Any CPU.ActiveCfg = Debug|Any CPU
		{9D9A166F-EFC8-4E0C-AF1B-6A2C98BD9DE9}.Debug|Any CPU.Build.0 = Debug|Any CPU
		{9D9A166F-EFC8-4E0C-AF1B-6A2C98BD9DE9}.Release|Any CPU.ActiveCfg = Release|Any CPU
		{9D9A166F-EFC8-4E0C-AF1B-6A2C98BD9DE9}.Release|Any CPU.Build.0 = Release|Any CPU
		{31675630-BA33-4577-B2A5-AEA14A46B127}.Debug|Any CPU.ActiveCfg = Debug|Any CPU
		{31675630-BA33-4577-B2A5-AEA14A46B127}.Debug|Any CPU.Build.0 = Debug|Any CPU
		{31675630-BA33-4577-B2A5-AEA14A46B127}.Release|Any CPU.ActiveCfg = Release|Any CPU
		{31675630-BA33-4577-B2A5-AEA14A46B127}.Release|Any CPU.Build.0 = Release|Any CPU
		{C58D516E-F035-4D53-9322-332ADC7EDF10}.Debug|Any CPU.ActiveCfg = Debug|Any CPU
		{C58D516E-F035-4D53-9322-332ADC7EDF10}.Debug|Any CPU.Build.0 = Debug|Any CPU
		{C58D516E-F035-4D53-9322-332ADC7EDF10}.Release|Any CPU.ActiveCfg = Release|Any CPU
		{C58D516E-F035-4D53-9322-332ADC7EDF10}.Release|Any CPU.Build.0 = Release|Any CPU
		{61B0B6E4-7102-4F01-8106-E9A28A0FAC5B}.Debug|Any CPU.ActiveCfg = Debug|Any CPU
		{61B0B6E4-7102-4F01-8106-E9A28A0FAC5B}.Debug|Any CPU.Build.0 = Debug|Any CPU
		{61B0B6E4-7102-4F01-8106-E9A28A0FAC5B}.Release|Any CPU.ActiveCfg = Release|Any CPU
		{61B0B6E4-7102-4F01-8106-E9A28A0FAC5B}.Release|Any CPU.Build.0 = Release|Any CPU
	EndGlobalSection
	GlobalSection(SolutionProperties) = preSolution
		HideSolutionNode = FALSE
	EndGlobalSection
	GlobalSection(NestedProjects) = preSolution
		{2450CE03-2C28-4A63-AF49-DBB5F9C2EBF6} = {2EB88D5B-1F07-4B8F-918E-D9929C426B43}
		{5866831B-FF53-428C-8D54-B85CE5838770} = {2EB88D5B-1F07-4B8F-918E-D9929C426B43}
		{20F3642A-133E-41D2-A7CC-58C0D4A47B31} = {2EB88D5B-1F07-4B8F-918E-D9929C426B43}
		{DE2C264E-B721-4930-9133-099B3EF350B7} = {839AD3C7-C8D6-472A-A205-57E977F611CD}
		{1B382F60-FFBC-4D5D-96D4-CD7DB844EA8C} = {A1EC4AD0-7791-423C-AA6D-478E9F78FD70}
		{AB7B3F72-A090-43DF-A07C-2AE627E69E67} = {E3AFDD7F-ED7A-422B-BA1B-C4018D844310}
		{749A58DF-7BD9-4B3F-BA47-75DCC8BAAC67} = {E3AFDD7F-ED7A-422B-BA1B-C4018D844310}
		{2303947A-B0D3-4781-B62F-8BBD64201478} = {E3AFDD7F-ED7A-422B-BA1B-C4018D844310}
		{E3AFDD7F-ED7A-422B-BA1B-C4018D844310} = {A1EC4AD0-7791-423C-AA6D-478E9F78FD70}
		{0258B06A-53D6-4632-9D29-CA68B890111E} = {59CBA1E5-B8EA-43AD-98D5-50972BEC2D59}
		{F08E6C5D-D69B-497A-B09A-3024E5B7AA8F} = {59CBA1E5-B8EA-43AD-98D5-50972BEC2D59}
		{6B181041-453C-468B-A222-88B842AE5CD8} = {E3AFDD7F-ED7A-422B-BA1B-C4018D844310}
		{402C01CE-23E8-4448-ABBC-5B2AB31C7EDE} = {0ED613C3-6C87-4DDA-AD70-3A10DC438FD8}
		{9D9A166F-EFC8-4E0C-AF1B-6A2C98BD9DE9} = {5D5ECA57-D7B5-4FAD-9CC5-77048C91A6A6}
		{31675630-BA33-4577-B2A5-AEA14A46B127} = {E3AFDD7F-ED7A-422B-BA1B-C4018D844310}
		{C58D516E-F035-4D53-9322-332ADC7EDF10} = {02EA681E-C7D8-13C7-8484-4AC65E1B71E8}
		{61B0B6E4-7102-4F01-8106-E9A28A0FAC5B} = {F5EBF91F-5F4A-4E4A-8EC7-5D597B3C33E0}
		{F5EBF91F-5F4A-4E4A-8EC7-5D597B3C33E0} = {A1EC4AD0-7791-423C-AA6D-478E9F78FD70}
	EndGlobalSection
	GlobalSection(ExtensibilityGlobals) = postSolution
		SolutionGuid = {03346F88-9EBA-4F8D-BC63-BEECABC66420}
	EndGlobalSection
EndGlobal
